
Microsoft Visual Studio Solution File, Format Version 12.00
# Visual Studio Version 16
VisualStudioVersion = 16.0.30621.155
MinimumVisualStudioVersion = 10.0.40219.1
Project("{9A19103F-16F7-4668-BE54-9A1E7A4F7556}") = "PolarExpress3", "PolarExpress3.csproj", "{98FDE01E-65D1-4575-A19C-A65D2D24ACB7}"
EndProject
Global
	GlobalSection(SolutionConfigurationPlatforms) = preSolution
		Debug|Any CPU = Debug|Any CPU
		Release|Any CPU = Release|Any CPU
	EndGlobalSection
	GlobalSection(ProjectConfigurationPlatforms) = postSolution
		{98FDE01E-65D1-4575-A19C-A65D2D24ACB7}.Debug|Any CPU.ActiveCfg = Debug|Any CPU
		{98FDE01E-65D1-4575-A19C-A65D2D24ACB7}.Debug|Any CPU.Build.0 = Debug|Any CPU
		{98FDE01E-65D1-4575-A19C-A65D2D24ACB7}.Release|Any CPU.ActiveCfg = Release|Any CPU
		{98FDE01E-65D1-4575-A19C-A65D2D24ACB7}.Release|Any CPU.Build.0 = Release|Any CPU
	EndGlobalSection
	GlobalSection(SolutionProperties) = preSolution
		HideSolutionNode = FALSE
	EndGlobalSection
	GlobalSection(ExtensibilityGlobals) = postSolution
		SolutionGuid = {EEC6F3C2-2AE8-4A1E-9EF8-AAA46BC453B7}
	EndGlobalSection
EndGlobal
